// !$*UTF8*$!
{
	archiveVersion = 1;
	classes = {
	};
	objectVersion = 46;
	objects = {

/* Begin PBXBuildFile section */
		DA674BD219AD91730064D5A4 /* WebSocketTransport.h in Headers */ = {isa = PBXBuildFile; fileRef = DA674BD119AD91730064D5A4 /* WebSocketTransport.h */; settings = {ATTRIBUTES = (Public, ); }; };
		DA674BDC19AD91730064D5A4 /* WebSocketTransportSpec.swift in Sources */ = {isa = PBXBuildFile; fileRef = DA674BDB19AD91730064D5A4 /* WebSocketTransportSpec.swift */; };
		DA674BF519AD94240064D5A4 /* Transport.framework in Frameworks */ = {isa = PBXBuildFile; fileRef = DA674BEE19AD93DD0064D5A4 /* Transport.framework */; };
		DA74D26919AEE6A100E268AF /* Quick.framework in Frameworks */ = {isa = PBXBuildFile; fileRef = DA74D25319AEE66400E268AF /* Quick.framework */; };
		DA74D26A19AEE6A500E268AF /* Nimble.framework in Frameworks */ = {isa = PBXBuildFile; fileRef = DA74D26619AEE68400E268AF /* Nimble.framework */; };
		DA74D27819AEF3BB00E268AF /* WebSocketTransport.swift in Sources */ = {isa = PBXBuildFile; fileRef = DA74D27719AEF3BB00E268AF /* WebSocketTransport.swift */; };
		DA8ABBF319AEF7A1004F6BA2 /* FakeRuntime.swift in Sources */ = {isa = PBXBuildFile; fileRef = DA74D27919AEF44900E268AF /* FakeRuntime.swift */; };
		DAE885D619B1A0F000D65A8B /* BLWebSocketsServer.h in Headers */ = {isa = PBXBuildFile; fileRef = DAE885BC19B1A0F000D65A8B /* BLWebSocketsServer.h */; };
		DAE885D719B1A0F000D65A8B /* BLWebSocketsServer.m in Sources */ = {isa = PBXBuildFile; fileRef = DAE885BD19B1A0F000D65A8B /* BLWebSocketsServer.m */; settings = {COMPILER_FLAGS = "-fno-objc-arc"; }; };
		DAE885D819B1A0F000D65A8B /* base64-decode.c in Sources */ = {isa = PBXBuildFile; fileRef = DAE885BF19B1A0F000D65A8B /* base64-decode.c */; };
		DAE885D919B1A0F000D65A8B /* BLAsyncMessageQueue.h in Headers */ = {isa = PBXBuildFile; fileRef = DAE885C019B1A0F000D65A8B /* BLAsyncMessageQueue.h */; };
		DAE885DA19B1A0F000D65A8B /* BLAsyncMessageQueue.m in Sources */ = {isa = PBXBuildFile; fileRef = DAE885C119B1A0F000D65A8B /* BLAsyncMessageQueue.m */; };
		DAE885DB19B1A0F000D65A8B /* client-handshake.c in Sources */ = {isa = PBXBuildFile; fileRef = DAE885C219B1A0F000D65A8B /* client-handshake.c */; };
		DAE885DC19B1A0F000D65A8B /* client-parser.c in Sources */ = {isa = PBXBuildFile; fileRef = DAE885C319B1A0F000D65A8B /* client-parser.c */; };
		DAE885DD19B1A0F000D65A8B /* client.c in Sources */ = {isa = PBXBuildFile; fileRef = DAE885C419B1A0F000D65A8B /* client.c */; };
		DAE885DE19B1A0F000D65A8B /* daemonize.c in Sources */ = {isa = PBXBuildFile; fileRef = DAE885C519B1A0F000D65A8B /* daemonize.c */; };
		DAE885DF19B1A0F000D65A8B /* extension-deflate-frame.c in Sources */ = {isa = PBXBuildFile; fileRef = DAE885C619B1A0F000D65A8B /* extension-deflate-frame.c */; };
		DAE885E019B1A0F000D65A8B /* extension-deflate-frame.h in Headers */ = {isa = PBXBuildFile; fileRef = DAE885C719B1A0F000D65A8B /* extension-deflate-frame.h */; };
		DAE885E119B1A0F000D65A8B /* extension-deflate-stream.c in Sources */ = {isa = PBXBuildFile; fileRef = DAE885C819B1A0F000D65A8B /* extension-deflate-stream.c */; };
		DAE885E219B1A0F000D65A8B /* extension-deflate-stream.h in Headers */ = {isa = PBXBuildFile; fileRef = DAE885C919B1A0F000D65A8B /* extension-deflate-stream.h */; };
		DAE885E319B1A0F000D65A8B /* extension.c in Sources */ = {isa = PBXBuildFile; fileRef = DAE885CA19B1A0F000D65A8B /* extension.c */; };
		DAE885E419B1A0F000D65A8B /* getifaddrs.c in Sources */ = {isa = PBXBuildFile; fileRef = DAE885CB19B1A0F000D65A8B /* getifaddrs.c */; };
		DAE885E519B1A0F000D65A8B /* getifaddrs.h in Headers */ = {isa = PBXBuildFile; fileRef = DAE885CC19B1A0F000D65A8B /* getifaddrs.h */; };
		DAE885E619B1A0F000D65A8B /* handshake.c in Sources */ = {isa = PBXBuildFile; fileRef = DAE885CD19B1A0F000D65A8B /* handshake.c */; };
		DAE885E719B1A0F000D65A8B /* libwebsockets.c in Sources */ = {isa = PBXBuildFile; fileRef = DAE885CE19B1A0F000D65A8B /* libwebsockets.c */; };
		DAE885E819B1A0F000D65A8B /* libwebsockets.h in Headers */ = {isa = PBXBuildFile; fileRef = DAE885CF19B1A0F000D65A8B /* libwebsockets.h */; };
		DAE885E919B1A0F000D65A8B /* output.c in Sources */ = {isa = PBXBuildFile; fileRef = DAE885D019B1A0F000D65A8B /* output.c */; };
		DAE885EA19B1A0F000D65A8B /* parsers.c in Sources */ = {isa = PBXBuildFile; fileRef = DAE885D119B1A0F000D65A8B /* parsers.c */; };
		DAE885EB19B1A0F000D65A8B /* private-libwebsockets.h in Headers */ = {isa = PBXBuildFile; fileRef = DAE885D219B1A0F000D65A8B /* private-libwebsockets.h */; };
		DAE885EC19B1A0F000D65A8B /* server-handshake.c in Sources */ = {isa = PBXBuildFile; fileRef = DAE885D319B1A0F000D65A8B /* server-handshake.c */; };
		DAE885ED19B1A0F000D65A8B /* server.c in Sources */ = {isa = PBXBuildFile; fileRef = DAE885D419B1A0F000D65A8B /* server.c */; };
		DAE885EE19B1A0F000D65A8B /* sha-1.c in Sources */ = {isa = PBXBuildFile; fileRef = DAE885D519B1A0F000D65A8B /* sha-1.c */; };
		DAE885FC19B1A15C00D65A8B /* libz.dylib in Frameworks */ = {isa = PBXBuildFile; fileRef = DAE885FB19B1A15C00D65A8B /* libz.dylib */; };
/* End PBXBuildFile section */

/* Begin PBXContainerItemProxy section */
		DA674BED19AD93DD0064D5A4 /* PBXContainerItemProxy */ = {
			isa = PBXContainerItemProxy;
			containerPortal = DA674BE519AD93DD0064D5A4 /* Transport.xcodeproj */;
			proxyType = 2;
			remoteGlobalIDString = DADA67B019AD7F240062316A;
			remoteInfo = "Transport-Mac";
		};
		DA674BEF19AD93DD0064D5A4 /* PBXContainerItemProxy */ = {
			isa = PBXContainerItemProxy;
			containerPortal = DA674BE519AD93DD0064D5A4 /* Transport.xcodeproj */;
			proxyType = 2;
			remoteGlobalIDString = DADA67BB19AD7F240062316A;
			remoteInfo = "Transport-MacTests";
		};
		DA674BF119AD93DD0064D5A4 /* PBXContainerItemProxy */ = {
			isa = PBXContainerItemProxy;
			containerPortal = DA674BE519AD93DD0064D5A4 /* Transport.xcodeproj */;
			proxyType = 2;
			remoteGlobalIDString = DADA67CE19AD83150062316A;
			remoteInfo = "Transport-iOS";
		};
		DA674BF319AD93DD0064D5A4 /* PBXContainerItemProxy */ = {
			isa = PBXContainerItemProxy;
			containerPortal = DA674BE519AD93DD0064D5A4 /* Transport.xcodeproj */;
			proxyType = 2;
			remoteGlobalIDString = DADA67D819AD83150062316A;
			remoteInfo = "Transport-iOSTests";
		};
		DA74D25219AEE66400E268AF /* PBXContainerItemProxy */ = {
			isa = PBXContainerItemProxy;
			containerPortal = DA74D24A19AEE66300E268AF /* Quick.xcodeproj */;
			proxyType = 2;
			remoteGlobalIDString = DAEB6B8E1943873100289F44;
			remoteInfo = Quick;
		};
		DA74D25419AEE66400E268AF /* PBXContainerItemProxy */ = {
			isa = PBXContainerItemProxy;
			containerPortal = DA74D24A19AEE66300E268AF /* Quick.xcodeproj */;
			proxyType = 2;
			remoteGlobalIDString = DAEB6B991943873100289F44;
			remoteInfo = QuickTests;
		};
		DA74D25619AEE66400E268AF /* PBXContainerItemProxy */ = {
			isa = PBXContainerItemProxy;
			containerPortal = DA74D24A19AEE66300E268AF /* Quick.xcodeproj */;
			proxyType = 2;
			remoteGlobalIDString = 5A5D117C19473F2100F6D13D;
			remoteInfo = "Quick-iOS";
		};
		DA74D25819AEE66400E268AF /* PBXContainerItemProxy */ = {
			isa = PBXContainerItemProxy;
			containerPortal = DA74D24A19AEE66300E268AF /* Quick.xcodeproj */;
			proxyType = 2;
			remoteGlobalIDString = 5A5D118619473F2100F6D13D;
			remoteInfo = "Quick-iOSTests";
		};
		DA74D26119AEE68400E268AF /* PBXContainerItemProxy */ = {
			isa = PBXContainerItemProxy;
			containerPortal = DA74D25A19AEE68300E268AF /* Nimble.xcodeproj */;
			proxyType = 2;
			remoteGlobalIDString = 1F1A74291940169200FFFC47;
			remoteInfo = "Nimble-iOS";
		};
		DA74D26319AEE68400E268AF /* PBXContainerItemProxy */ = {
			isa = PBXContainerItemProxy;
			containerPortal = DA74D25A19AEE68300E268AF /* Nimble.xcodeproj */;
			proxyType = 2;
			remoteGlobalIDString = 1F1A74341940169200FFFC47;
			remoteInfo = "Nimble-iOSTests";
		};
		DA74D26519AEE68400E268AF /* PBXContainerItemProxy */ = {
			isa = PBXContainerItemProxy;
			containerPortal = DA74D25A19AEE68300E268AF /* Nimble.xcodeproj */;
			proxyType = 2;
			remoteGlobalIDString = 1F925EAD195C0D6300ED456B;
			remoteInfo = "Nimble-OSX";
		};
		DA74D26719AEE68400E268AF /* PBXContainerItemProxy */ = {
			isa = PBXContainerItemProxy;
			containerPortal = DA74D25A19AEE68300E268AF /* Nimble.xcodeproj */;
			proxyType = 2;
			remoteGlobalIDString = 1F925EB7195C0D6300ED456B;
			remoteInfo = "Nimble-OSXTests";
		};
		DA9F196319AEF6F00018BF48 /* PBXContainerItemProxy */ = {
			isa = PBXContainerItemProxy;
			containerPortal = DA674BC319AD91730064D5A4 /* Project object */;
			proxyType = 1;
			remoteGlobalIDString = DA674BCB19AD91730064D5A4;
			remoteInfo = "WebSocketTransport-Mac";
		};
/* End PBXContainerItemProxy section */

/* Begin PBXFileReference section */
		DA674BCC19AD91730064D5A4 /* WebSocketTransport.framework */ = {isa = PBXFileReference; explicitFileType = wrapper.framework; includeInIndex = 0; path = WebSocketTransport.framework; sourceTree = BUILT_PRODUCTS_DIR; };
		DA674BD019AD91730064D5A4 /* Info.plist */ = {isa = PBXFileReference; lastKnownFileType = text.plist.xml; path = Info.plist; sourceTree = "<group>"; };
		DA674BD119AD91730064D5A4 /* WebSocketTransport.h */ = {isa = PBXFileReference; lastKnownFileType = sourcecode.c.h; path = WebSocketTransport.h; sourceTree = "<group>"; };
		DA674BD719AD91730064D5A4 /* WebSocketTransport-MacTests.xctest */ = {isa = PBXFileReference; explicitFileType = wrapper.cfbundle; includeInIndex = 0; path = "WebSocketTransport-MacTests.xctest"; sourceTree = BUILT_PRODUCTS_DIR; };
		DA674BDA19AD91730064D5A4 /* Info.plist */ = {isa = PBXFileReference; lastKnownFileType = text.plist.xml; path = Info.plist; sourceTree = "<group>"; };
		DA674BDB19AD91730064D5A4 /* WebSocketTransportSpec.swift */ = {isa = PBXFileReference; lastKnownFileType = sourcecode.swift; path = WebSocketTransportSpec.swift; sourceTree = "<group>"; };
		DA674BE519AD93DD0064D5A4 /* Transport.xcodeproj */ = {isa = PBXFileReference; lastKnownFileType = "wrapper.pb-project"; name = Transport.xcodeproj; path = External/Transport/Transport.xcodeproj; sourceTree = SOURCE_ROOT; };
		DA74D24A19AEE66300E268AF /* Quick.xcodeproj */ = {isa = PBXFileReference; lastKnownFileType = "wrapper.pb-project"; name = Quick.xcodeproj; path = External/Quick/Quick/Quick.xcodeproj; sourceTree = SOURCE_ROOT; };
		DA74D25A19AEE68300E268AF /* Nimble.xcodeproj */ = {isa = PBXFileReference; lastKnownFileType = "wrapper.pb-project"; name = Nimble.xcodeproj; path = External/Nimble/Nimble.xcodeproj; sourceTree = SOURCE_ROOT; };
		DA74D27719AEF3BB00E268AF /* WebSocketTransport.swift */ = {isa = PBXFileReference; fileEncoding = 4; lastKnownFileType = sourcecode.swift; path = WebSocketTransport.swift; sourceTree = "<group>"; };
		DA74D27919AEF44900E268AF /* FakeRuntime.swift */ = {isa = PBXFileReference; fileEncoding = 4; lastKnownFileType = sourcecode.swift; path = FakeRuntime.swift; sourceTree = "<group>"; };
		DAE885BC19B1A0F000D65A8B /* BLWebSocketsServer.h */ = {isa = PBXFileReference; fileEncoding = 4; lastKnownFileType = sourcecode.c.h; path = BLWebSocketsServer.h; sourceTree = "<group>"; };
		DAE885BD19B1A0F000D65A8B /* BLWebSocketsServer.m */ = {isa = PBXFileReference; fileEncoding = 4; lastKnownFileType = sourcecode.c.objc; path = BLWebSocketsServer.m; sourceTree = "<group>"; };
		DAE885BF19B1A0F000D65A8B /* base64-decode.c */ = {isa = PBXFileReference; fileEncoding = 4; lastKnownFileType = sourcecode.c.c; path = "base64-decode.c"; sourceTree = "<group>"; };
		DAE885C019B1A0F000D65A8B /* BLAsyncMessageQueue.h */ = {isa = PBXFileReference; fileEncoding = 4; lastKnownFileType = sourcecode.c.h; path = BLAsyncMessageQueue.h; sourceTree = "<group>"; };
		DAE885C119B1A0F000D65A8B /* BLAsyncMessageQueue.m */ = {isa = PBXFileReference; fileEncoding = 4; lastKnownFileType = sourcecode.c.objc; path = BLAsyncMessageQueue.m; sourceTree = "<group>"; };
		DAE885C219B1A0F000D65A8B /* client-handshake.c */ = {isa = PBXFileReference; fileEncoding = 4; lastKnownFileType = sourcecode.c.c; path = "client-handshake.c"; sourceTree = "<group>"; };
		DAE885C319B1A0F000D65A8B /* client-parser.c */ = {isa = PBXFileReference; fileEncoding = 4; lastKnownFileType = sourcecode.c.c; path = "client-parser.c"; sourceTree = "<group>"; };
		DAE885C419B1A0F000D65A8B /* client.c */ = {isa = PBXFileReference; fileEncoding = 4; lastKnownFileType = sourcecode.c.c; path = client.c; sourceTree = "<group>"; };
		DAE885C519B1A0F000D65A8B /* daemonize.c */ = {isa = PBXFileReference; fileEncoding = 4; lastKnownFileType = sourcecode.c.c; path = daemonize.c; sourceTree = "<group>"; };
		DAE885C619B1A0F000D65A8B /* extension-deflate-frame.c */ = {isa = PBXFileReference; fileEncoding = 4; lastKnownFileType = sourcecode.c.c; path = "extension-deflate-frame.c"; sourceTree = "<group>"; };
		DAE885C719B1A0F000D65A8B /* extension-deflate-frame.h */ = {isa = PBXFileReference; fileEncoding = 4; lastKnownFileType = sourcecode.c.h; path = "extension-deflate-frame.h"; sourceTree = "<group>"; };
		DAE885C819B1A0F000D65A8B /* extension-deflate-stream.c */ = {isa = PBXFileReference; fileEncoding = 4; lastKnownFileType = sourcecode.c.c; path = "extension-deflate-stream.c"; sourceTree = "<group>"; };
		DAE885C919B1A0F000D65A8B /* extension-deflate-stream.h */ = {isa = PBXFileReference; fileEncoding = 4; lastKnownFileType = sourcecode.c.h; path = "extension-deflate-stream.h"; sourceTree = "<group>"; };
		DAE885CA19B1A0F000D65A8B /* extension.c */ = {isa = PBXFileReference; fileEncoding = 4; lastKnownFileType = sourcecode.c.c; path = extension.c; sourceTree = "<group>"; };
		DAE885CB19B1A0F000D65A8B /* getifaddrs.c */ = {isa = PBXFileReference; fileEncoding = 4; lastKnownFileType = sourcecode.c.c; path = getifaddrs.c; sourceTree = "<group>"; };
		DAE885CC19B1A0F000D65A8B /* getifaddrs.h */ = {isa = PBXFileReference; fileEncoding = 4; lastKnownFileType = sourcecode.c.h; path = getifaddrs.h; sourceTree = "<group>"; };
		DAE885CD19B1A0F000D65A8B /* handshake.c */ = {isa = PBXFileReference; fileEncoding = 4; lastKnownFileType = sourcecode.c.c; path = handshake.c; sourceTree = "<group>"; };
		DAE885CE19B1A0F000D65A8B /* libwebsockets.c */ = {isa = PBXFileReference; fileEncoding = 4; lastKnownFileType = sourcecode.c.c; path = libwebsockets.c; sourceTree = "<group>"; };
		DAE885CF19B1A0F000D65A8B /* libwebsockets.h */ = {isa = PBXFileReference; fileEncoding = 4; lastKnownFileType = sourcecode.c.h; path = libwebsockets.h; sourceTree = "<group>"; };
		DAE885D019B1A0F000D65A8B /* output.c */ = {isa = PBXFileReference; fileEncoding = 4; lastKnownFileType = sourcecode.c.c; path = output.c; sourceTree = "<group>"; };
		DAE885D119B1A0F000D65A8B /* parsers.c */ = {isa = PBXFileReference; fileEncoding = 4; lastKnownFileType = sourcecode.c.c; path = parsers.c; sourceTree = "<group>"; };
		DAE885D219B1A0F000D65A8B /* private-libwebsockets.h */ = {isa = PBXFileReference; fileEncoding = 4; lastKnownFileType = sourcecode.c.h; path = "private-libwebsockets.h"; sourceTree = "<group>"; };
		DAE885D319B1A0F000D65A8B /* server-handshake.c */ = {isa = PBXFileReference; fileEncoding = 4; lastKnownFileType = sourcecode.c.c; path = "server-handshake.c"; sourceTree = "<group>"; };
		DAE885D419B1A0F000D65A8B /* server.c */ = {isa = PBXFileReference; fileEncoding = 4; lastKnownFileType = sourcecode.c.c; path = server.c; sourceTree = "<group>"; };
		DAE885D519B1A0F000D65A8B /* sha-1.c */ = {isa = PBXFileReference; fileEncoding = 4; lastKnownFileType = sourcecode.c.c; path = "sha-1.c"; sourceTree = "<group>"; };
		DAE885FB19B1A15C00D65A8B /* libz.dylib */ = {isa = PBXFileReference; lastKnownFileType = "compiled.mach-o.dylib"; name = libz.dylib; path = usr/lib/libz.dylib; sourceTree = SDKROOT; };
/* End PBXFileReference section */

/* Begin PBXFrameworksBuildPhase section */
		DA674BC819AD91730064D5A4 /* Frameworks */ = {
			isa = PBXFrameworksBuildPhase;
			buildActionMask = 2147483647;
			files = (
				DAE885FC19B1A15C00D65A8B /* libz.dylib in Frameworks */,
				DA674BF519AD94240064D5A4 /* Transport.framework in Frameworks */,
			);
			runOnlyForDeploymentPostprocessing = 0;
		};
		DA674BD419AD91730064D5A4 /* Frameworks */ = {
			isa = PBXFrameworksBuildPhase;
			buildActionMask = 2147483647;
			files = (
				DA74D26A19AEE6A500E268AF /* Nimble.framework in Frameworks */,
				DA74D26919AEE6A100E268AF /* Quick.framework in Frameworks */,
			);
			runOnlyForDeploymentPostprocessing = 0;
		};
/* End PBXFrameworksBuildPhase section */

/* Begin PBXGroup section */
		DA674BC219AD91730064D5A4 = {
			isa = PBXGroup;
			children = (
				DAE885FB19B1A15C00D65A8B /* libz.dylib */,
				DA674BCE19AD91730064D5A4 /* WebSocketTransport */,
				DA674BD819AD91730064D5A4 /* WebSocketTransportTests */,
				DA674BCD19AD91730064D5A4 /* Products */,
			);
			sourceTree = "<group>";
		};
		DA674BCD19AD91730064D5A4 /* Products */ = {
			isa = PBXGroup;
			children = (
				DA674BCC19AD91730064D5A4 /* WebSocketTransport.framework */,
				DA674BD719AD91730064D5A4 /* WebSocketTransport-MacTests.xctest */,
			);
			name = Products;
			sourceTree = "<group>";
		};
		DA674BCE19AD91730064D5A4 /* WebSocketTransport */ = {
			isa = PBXGroup;
			children = (
				DAE885BB19B1A0F000D65A8B /* BLWebSocketsServer */,
				DA674BE519AD93DD0064D5A4 /* Transport.xcodeproj */,
				DA674BD119AD91730064D5A4 /* WebSocketTransport.h */,
				DA674BCF19AD91730064D5A4 /* Supporting Files */,
				DA74D27719AEF3BB00E268AF /* WebSocketTransport.swift */,
			);
			path = WebSocketTransport;
			sourceTree = "<group>";
		};
		DA674BCF19AD91730064D5A4 /* Supporting Files */ = {
			isa = PBXGroup;
			children = (
				DA674BD019AD91730064D5A4 /* Info.plist */,
			);
			name = "Supporting Files";
			sourceTree = "<group>";
		};
		DA674BD819AD91730064D5A4 /* WebSocketTransportTests */ = {
			isa = PBXGroup;
			children = (
				DA74D25A19AEE68300E268AF /* Nimble.xcodeproj */,
				DA74D24A19AEE66300E268AF /* Quick.xcodeproj */,
				DA674BDB19AD91730064D5A4 /* WebSocketTransportSpec.swift */,
				DA674BD919AD91730064D5A4 /* Supporting Files */,
				DA74D27919AEF44900E268AF /* FakeRuntime.swift */,
			);
			path = WebSocketTransportTests;
			sourceTree = "<group>";
		};
		DA674BD919AD91730064D5A4 /* Supporting Files */ = {
			isa = PBXGroup;
			children = (
				DA674BDA19AD91730064D5A4 /* Info.plist */,
			);
			name = "Supporting Files";
			sourceTree = "<group>";
		};
		DA674BE619AD93DD0064D5A4 /* Products */ = {
			isa = PBXGroup;
			children = (
				DA674BEE19AD93DD0064D5A4 /* Transport.framework */,
				DA674BF019AD93DD0064D5A4 /* Transport-MacTests.xctest */,
				DA674BF219AD93DD0064D5A4 /* Transport.framework */,
				DA674BF419AD93DD0064D5A4 /* Transport-iOSTests.xctest */,
			);
			name = Products;
			sourceTree = "<group>";
		};
		DA74D24B19AEE66300E268AF /* Products */ = {
			isa = PBXGroup;
			children = (
				DA74D25319AEE66400E268AF /* Quick.framework */,
				DA74D25519AEE66400E268AF /* QuickTests.xctest */,
				DA74D25719AEE66400E268AF /* Quick.framework */,
				DA74D25919AEE66400E268AF /* Quick-iOSTests.xctest */,
			);
			name = Products;
			sourceTree = "<group>";
		};
		DA74D25B19AEE68300E268AF /* Products */ = {
			isa = PBXGroup;
			children = (
				DA74D26219AEE68400E268AF /* Nimble.framework */,
				DA74D26419AEE68400E268AF /* NimbleTests.xctest */,
				DA74D26619AEE68400E268AF /* Nimble.framework */,
				DA74D26819AEE68400E268AF /* Nimble-OSXTests.xctest */,
			);
			name = Products;
			sourceTree = "<group>";
		};
		DAE885BB19B1A0F000D65A8B /* BLWebSocketsServer */ = {
			isa = PBXGroup;
			children = (
				DAE885BC19B1A0F000D65A8B /* BLWebSocketsServer.h */,
				DAE885BD19B1A0F000D65A8B /* BLWebSocketsServer.m */,
				DAE885BE19B1A0F000D65A8B /* libwebsockets */,
			);
			name = BLWebSocketsServer;
			path = External/BLWebSocketsServer/BLWebSocketsServer;
			sourceTree = SOURCE_ROOT;
		};
		DAE885BE19B1A0F000D65A8B /* libwebsockets */ = {
			isa = PBXGroup;
			children = (
				DAE885BF19B1A0F000D65A8B /* base64-decode.c */,
				DAE885C019B1A0F000D65A8B /* BLAsyncMessageQueue.h */,
				DAE885C119B1A0F000D65A8B /* BLAsyncMessageQueue.m */,
				DAE885C219B1A0F000D65A8B /* client-handshake.c */,
				DAE885C319B1A0F000D65A8B /* client-parser.c */,
				DAE885C419B1A0F000D65A8B /* client.c */,
				DAE885C519B1A0F000D65A8B /* daemonize.c */,
				DAE885C619B1A0F000D65A8B /* extension-deflate-frame.c */,
				DAE885C719B1A0F000D65A8B /* extension-deflate-frame.h */,
				DAE885C819B1A0F000D65A8B /* extension-deflate-stream.c */,
				DAE885C919B1A0F000D65A8B /* extension-deflate-stream.h */,
				DAE885CA19B1A0F000D65A8B /* extension.c */,
				DAE885CB19B1A0F000D65A8B /* getifaddrs.c */,
				DAE885CC19B1A0F000D65A8B /* getifaddrs.h */,
				DAE885CD19B1A0F000D65A8B /* handshake.c */,
				DAE885CE19B1A0F000D65A8B /* libwebsockets.c */,
				DAE885CF19B1A0F000D65A8B /* libwebsockets.h */,
				DAE885D019B1A0F000D65A8B /* output.c */,
				DAE885D119B1A0F000D65A8B /* parsers.c */,
				DAE885D219B1A0F000D65A8B /* private-libwebsockets.h */,
				DAE885D319B1A0F000D65A8B /* server-handshake.c */,
				DAE885D419B1A0F000D65A8B /* server.c */,
				DAE885D519B1A0F000D65A8B /* sha-1.c */,
			);
			path = libwebsockets;
			sourceTree = "<group>";
		};
/* End PBXGroup section */

/* Begin PBXHeadersBuildPhase section */
		DA674BC919AD91730064D5A4 /* Headers */ = {
			isa = PBXHeadersBuildPhase;
			buildActionMask = 2147483647;
			files = (
				DA674BD219AD91730064D5A4 /* WebSocketTransport.h in Headers */,
				DAE885E219B1A0F000D65A8B /* extension-deflate-stream.h in Headers */,
				DAE885D619B1A0F000D65A8B /* BLWebSocketsServer.h in Headers */,
				DAE885E019B1A0F000D65A8B /* extension-deflate-frame.h in Headers */,
				DAE885D919B1A0F000D65A8B /* BLAsyncMessageQueue.h in Headers */,
				DAE885E519B1A0F000D65A8B /* getifaddrs.h in Headers */,
				DAE885EB19B1A0F000D65A8B /* private-libwebsockets.h in Headers */,
				DAE885E819B1A0F000D65A8B /* libwebsockets.h in Headers */,
			);
			runOnlyForDeploymentPostprocessing = 0;
		};
/* End PBXHeadersBuildPhase section */

/* Begin PBXNativeTarget section */
		DA674BCB19AD91730064D5A4 /* WebSocketTransport-Mac */ = {
			isa = PBXNativeTarget;
			buildConfigurationList = DA674BDF19AD91730064D5A4 /* Build configuration list for PBXNativeTarget "WebSocketTransport-Mac" */;
			buildPhases = (
				DA674BC719AD91730064D5A4 /* Sources */,
				DA674BC819AD91730064D5A4 /* Frameworks */,
				DA674BC919AD91730064D5A4 /* Headers */,
				DA674BCA19AD91730064D5A4 /* Resources */,
			);
			buildRules = (
			);
			dependencies = (
			);
			name = "WebSocketTransport-Mac";
			productName = WebSocketTransport;
			productReference = DA674BCC19AD91730064D5A4 /* WebSocketTransport.framework */;
			productType = "com.apple.product-type.framework";
		};
		DA674BD619AD91730064D5A4 /* WebSocketTransport-MacTests */ = {
			isa = PBXNativeTarget;
			buildConfigurationList = DA674BE219AD91730064D5A4 /* Build configuration list for PBXNativeTarget "WebSocketTransport-MacTests" */;
			buildPhases = (
				DA674BD319AD91730064D5A4 /* Sources */,
				DA674BD419AD91730064D5A4 /* Frameworks */,
				DA674BD519AD91730064D5A4 /* Resources */,
			);
			buildRules = (
			);
			dependencies = (
				DA9F196419AEF6F00018BF48 /* PBXTargetDependency */,
			);
			name = "WebSocketTransport-MacTests";
			productName = WebSocketTransportTests;
			productReference = DA674BD719AD91730064D5A4 /* WebSocketTransport-MacTests.xctest */;
			productType = "com.apple.product-type.bundle.unit-test";
		};
/* End PBXNativeTarget section */

/* Begin PBXProject section */
		DA674BC319AD91730064D5A4 /* Project object */ = {
			isa = PBXProject;
			attributes = {
				LastUpgradeCheck = 0600;
				ORGANIZATIONNAME = CocoaFlow;
				TargetAttributes = {
					DA674BCB19AD91730064D5A4 = {
						CreatedOnToolsVersion = 6.0;
					};
					DA674BD619AD91730064D5A4 = {
						CreatedOnToolsVersion = 6.0;
					};
				};
			};
			buildConfigurationList = DA674BC619AD91730064D5A4 /* Build configuration list for PBXProject "WebSocketTransport" */;
			compatibilityVersion = "Xcode 3.2";
			developmentRegion = English;
			hasScannedForEncodings = 0;
			knownRegions = (
				en,
			);
			mainGroup = DA674BC219AD91730064D5A4;
			productRefGroup = DA674BCD19AD91730064D5A4 /* Products */;
			projectDirPath = "";
			projectReferences = (
				{
					ProductGroup = DA74D25B19AEE68300E268AF /* Products */;
					ProjectRef = DA74D25A19AEE68300E268AF /* Nimble.xcodeproj */;
				},
				{
					ProductGroup = DA74D24B19AEE66300E268AF /* Products */;
					ProjectRef = DA74D24A19AEE66300E268AF /* Quick.xcodeproj */;
				},
				{
					ProductGroup = DA674BE619AD93DD0064D5A4 /* Products */;
					ProjectRef = DA674BE519AD93DD0064D5A4 /* Transport.xcodeproj */;
				},
			);
			projectRoot = "";
			targets = (
				DA674BCB19AD91730064D5A4 /* WebSocketTransport-Mac */,
				DA674BD619AD91730064D5A4 /* WebSocketTransport-MacTests */,
			);
		};
/* End PBXProject section */

/* Begin PBXReferenceProxy section */
		DA674BEE19AD93DD0064D5A4 /* Transport.framework */ = {
			isa = PBXReferenceProxy;
			fileType = wrapper.framework;
			path = Transport.framework;
			remoteRef = DA674BED19AD93DD0064D5A4 /* PBXContainerItemProxy */;
			sourceTree = BUILT_PRODUCTS_DIR;
		};
		DA674BF019AD93DD0064D5A4 /* Transport-MacTests.xctest */ = {
			isa = PBXReferenceProxy;
			fileType = wrapper.cfbundle;
			path = "Transport-MacTests.xctest";
			remoteRef = DA674BEF19AD93DD0064D5A4 /* PBXContainerItemProxy */;
			sourceTree = BUILT_PRODUCTS_DIR;
		};
		DA674BF219AD93DD0064D5A4 /* Transport.framework */ = {
			isa = PBXReferenceProxy;
			fileType = wrapper.framework;
			path = Transport.framework;
			remoteRef = DA674BF119AD93DD0064D5A4 /* PBXContainerItemProxy */;
			sourceTree = BUILT_PRODUCTS_DIR;
		};
		DA674BF419AD93DD0064D5A4 /* Transport-iOSTests.xctest */ = {
			isa = PBXReferenceProxy;
			fileType = wrapper.cfbundle;
			path = "Transport-iOSTests.xctest";
			remoteRef = DA674BF319AD93DD0064D5A4 /* PBXContainerItemProxy */;
			sourceTree = BUILT_PRODUCTS_DIR;
		};
		DA74D25319AEE66400E268AF /* Quick.framework */ = {
			isa = PBXReferenceProxy;
			fileType = wrapper.framework;
			path = Quick.framework;
			remoteRef = DA74D25219AEE66400E268AF /* PBXContainerItemProxy */;
			sourceTree = BUILT_PRODUCTS_DIR;
		};
		DA74D25519AEE66400E268AF /* QuickTests.xctest */ = {
			isa = PBXReferenceProxy;
			fileType = wrapper.cfbundle;
			path = QuickTests.xctest;
			remoteRef = DA74D25419AEE66400E268AF /* PBXContainerItemProxy */;
			sourceTree = BUILT_PRODUCTS_DIR;
		};
		DA74D25719AEE66400E268AF /* Quick.framework */ = {
			isa = PBXReferenceProxy;
			fileType = wrapper.framework;
			path = Quick.framework;
			remoteRef = DA74D25619AEE66400E268AF /* PBXContainerItemProxy */;
			sourceTree = BUILT_PRODUCTS_DIR;
		};
		DA74D25919AEE66400E268AF /* Quick-iOSTests.xctest */ = {
			isa = PBXReferenceProxy;
			fileType = wrapper.cfbundle;
			path = "Quick-iOSTests.xctest";
			remoteRef = DA74D25819AEE66400E268AF /* PBXContainerItemProxy */;
			sourceTree = BUILT_PRODUCTS_DIR;
		};
		DA74D26219AEE68400E268AF /* Nimble.framework */ = {
			isa = PBXReferenceProxy;
			fileType = wrapper.framework;
			path = Nimble.framework;
			remoteRef = DA74D26119AEE68400E268AF /* PBXContainerItemProxy */;
			sourceTree = BUILT_PRODUCTS_DIR;
		};
		DA74D26419AEE68400E268AF /* NimbleTests.xctest */ = {
			isa = PBXReferenceProxy;
			fileType = wrapper.cfbundle;
			path = NimbleTests.xctest;
			remoteRef = DA74D26319AEE68400E268AF /* PBXContainerItemProxy */;
			sourceTree = BUILT_PRODUCTS_DIR;
		};
		DA74D26619AEE68400E268AF /* Nimble.framework */ = {
			isa = PBXReferenceProxy;
			fileType = wrapper.framework;
			path = Nimble.framework;
			remoteRef = DA74D26519AEE68400E268AF /* PBXContainerItemProxy */;
			sourceTree = BUILT_PRODUCTS_DIR;
		};
		DA74D26819AEE68400E268AF /* Nimble-OSXTests.xctest */ = {
			isa = PBXReferenceProxy;
			fileType = wrapper.cfbundle;
			path = "Nimble-OSXTests.xctest";
			remoteRef = DA74D26719AEE68400E268AF /* PBXContainerItemProxy */;
			sourceTree = BUILT_PRODUCTS_DIR;
		};
/* End PBXReferenceProxy section */

/* Begin PBXResourcesBuildPhase section */
		DA674BCA19AD91730064D5A4 /* Resources */ = {
			isa = PBXResourcesBuildPhase;
			buildActionMask = 2147483647;
			files = (
			);
			runOnlyForDeploymentPostprocessing = 0;
		};
		DA674BD519AD91730064D5A4 /* Resources */ = {
			isa = PBXResourcesBuildPhase;
			buildActionMask = 2147483647;
			files = (
			);
			runOnlyForDeploymentPostprocessing = 0;
		};
/* End PBXResourcesBuildPhase section */

/* Begin PBXSourcesBuildPhase section */
		DA674BC719AD91730064D5A4 /* Sources */ = {
			isa = PBXSourcesBuildPhase;
			buildActionMask = 2147483647;
			files = (
				DAE885EC19B1A0F000D65A8B /* server-handshake.c in Sources */,
				DAE885E919B1A0F000D65A8B /* output.c in Sources */,
				DAE885DF19B1A0F000D65A8B /* extension-deflate-frame.c in Sources */,
				DAE885E119B1A0F000D65A8B /* extension-deflate-stream.c in Sources */,
				DAE885ED19B1A0F000D65A8B /* server.c in Sources */,
				DAE885DE19B1A0F000D65A8B /* daemonize.c in Sources */,
				DAE885E719B1A0F000D65A8B /* libwebsockets.c in Sources */,
				DAE885D719B1A0F000D65A8B /* BLWebSocketsServer.m in Sources */,
				DAE885DD19B1A0F000D65A8B /* client.c in Sources */,
				DAE885D819B1A0F000D65A8B /* base64-decode.c in Sources */,
				DAE885EE19B1A0F000D65A8B /* sha-1.c in Sources */,
				DAE885DA19B1A0F000D65A8B /* BLAsyncMessageQueue.m in Sources */,
				DA74D27819AEF3BB00E268AF /* WebSocketTransport.swift in Sources */,
				DAE885EA19B1A0F000D65A8B /* parsers.c in Sources */,
				DAE885DB19B1A0F000D65A8B /* client-handshake.c in Sources */,
				DAE885E319B1A0F000D65A8B /* extension.c in Sources */,
				DAE885E619B1A0F000D65A8B /* handshake.c in Sources */,
				DAE885E419B1A0F000D65A8B /* getifaddrs.c in Sources */,
				DAE885DC19B1A0F000D65A8B /* client-parser.c in Sources */,
			);
			runOnlyForDeploymentPostprocessing = 0;
		};
		DA674BD319AD91730064D5A4 /* Sources */ = {
			isa = PBXSourcesBuildPhase;
			buildActionMask = 2147483647;
			files = (
				DA674BDC19AD91730064D5A4 /* WebSocketTransportSpec.swift in Sources */,
				DA8ABBF319AEF7A1004F6BA2 /* FakeRuntime.swift in Sources */,
			);
			runOnlyForDeploymentPostprocessing = 0;
		};
/* End PBXSourcesBuildPhase section */

/* Begin PBXTargetDependency section */
		DA9F196419AEF6F00018BF48 /* PBXTargetDependency */ = {
			isa = PBXTargetDependency;
			target = DA674BCB19AD91730064D5A4 /* WebSocketTransport-Mac */;
			targetProxy = DA9F196319AEF6F00018BF48 /* PBXContainerItemProxy */;
		};
/* End PBXTargetDependency section */

/* Begin XCBuildConfiguration section */
		DA674BDD19AD91730064D5A4 /* Debug */ = {
			isa = XCBuildConfiguration;
			buildSettings = {
				ALWAYS_SEARCH_USER_PATHS = NO;
				CLANG_CXX_LANGUAGE_STANDARD = "gnu++0x";
				CLANG_CXX_LIBRARY = "libc++";
				CLANG_ENABLE_MODULES = YES;
				CLANG_ENABLE_OBJC_ARC = YES;
				CLANG_WARN_BOOL_CONVERSION = YES;
				CLANG_WARN_CONSTANT_CONVERSION = YES;
				CLANG_WARN_DIRECT_OBJC_ISA_USAGE = YES_ERROR;
				CLANG_WARN_EMPTY_BODY = YES;
				CLANG_WARN_ENUM_CONVERSION = YES;
				CLANG_WARN_INT_CONVERSION = YES;
				CLANG_WARN_OBJC_ROOT_CLASS = YES_ERROR;
				CLANG_WARN_UNREACHABLE_CODE = YES;
				CLANG_WARN__DUPLICATE_METHOD_MATCH = YES;
				COPY_PHASE_STRIP = NO;
				CURRENT_PROJECT_VERSION = 1;
				ENABLE_STRICT_OBJC_MSGSEND = YES;
				GCC_C_LANGUAGE_STANDARD = gnu99;
				GCC_DYNAMIC_NO_PIC = NO;
				GCC_OPTIMIZATION_LEVEL = 0;
				GCC_PREPROCESSOR_DEFINITIONS = (
					"DEBUG=1",
					"$(inherited)",
				);
				GCC_SYMBOLS_PRIVATE_EXTERN = NO;
				GCC_TREAT_WARNINGS_AS_ERRORS = YES;
				GCC_WARN_64_TO_32_BIT_CONVERSION = YES;
				GCC_WARN_ABOUT_RETURN_TYPE = YES_ERROR;
				GCC_WARN_UNDECLARED_SELECTOR = YES;
				GCC_WARN_UNINITIALIZED_AUTOS = YES_AGGRESSIVE;
				GCC_WARN_UNUSED_FUNCTION = YES;
				GCC_WARN_UNUSED_VARIABLE = YES;
				MACOSX_DEPLOYMENT_TARGET = 10.9;
				MTL_ENABLE_DEBUG_INFO = YES;
				ONLY_ACTIVE_ARCH = YES;
				OTHER_LDFLAGS = (
					"-Wall",
					"-Wextra",
					"-Werror",
				);
				SDKROOT = macosx;
				SWIFT_OPTIMIZATION_LEVEL = "-Onone";
				VERSIONING_SYSTEM = "apple-generic";
				VERSION_INFO_PREFIX = "";
			};
			name = Debug;
		};
		DA674BDE19AD91730064D5A4 /* Release */ = {
			isa = XCBuildConfiguration;
			buildSettings = {
				ALWAYS_SEARCH_USER_PATHS = NO;
				CLANG_CXX_LANGUAGE_STANDARD = "gnu++0x";
				CLANG_CXX_LIBRARY = "libc++";
				CLANG_ENABLE_MODULES = YES;
				CLANG_ENABLE_OBJC_ARC = YES;
				CLANG_WARN_BOOL_CONVERSION = YES;
				CLANG_WARN_CONSTANT_CONVERSION = YES;
				CLANG_WARN_DIRECT_OBJC_ISA_USAGE = YES_ERROR;
				CLANG_WARN_EMPTY_BODY = YES;
				CLANG_WARN_ENUM_CONVERSION = YES;
				CLANG_WARN_INT_CONVERSION = YES;
				CLANG_WARN_OBJC_ROOT_CLASS = YES_ERROR;
				CLANG_WARN_UNREACHABLE_CODE = YES;
				CLANG_WARN__DUPLICATE_METHOD_MATCH = YES;
				COPY_PHASE_STRIP = YES;
				CURRENT_PROJECT_VERSION = 1;
				DEBUG_INFORMATION_FORMAT = "dwarf-with-dsym";
				ENABLE_NS_ASSERTIONS = NO;
				ENABLE_STRICT_OBJC_MSGSEND = YES;
				GCC_C_LANGUAGE_STANDARD = gnu99;
				GCC_TREAT_WARNINGS_AS_ERRORS = YES;
				GCC_WARN_64_TO_32_BIT_CONVERSION = YES;
				GCC_WARN_ABOUT_RETURN_TYPE = YES_ERROR;
				GCC_WARN_UNDECLARED_SELECTOR = YES;
				GCC_WARN_UNINITIALIZED_AUTOS = YES_AGGRESSIVE;
				GCC_WARN_UNUSED_FUNCTION = YES;
				GCC_WARN_UNUSED_VARIABLE = YES;
				MACOSX_DEPLOYMENT_TARGET = 10.9;
				MTL_ENABLE_DEBUG_INFO = NO;
				OTHER_LDFLAGS = (
					"-Wall",
					"-Wextra",
					"-Werror",
				);
				SDKROOT = macosx;
				VERSIONING_SYSTEM = "apple-generic";
				VERSION_INFO_PREFIX = "";
			};
			name = Release;
		};
		DA674BE019AD91730064D5A4 /* Debug */ = {
			isa = XCBuildConfiguration;
			buildSettings = {
				CLANG_ENABLE_MODULES = YES;
				COMBINE_HIDPI_IMAGES = YES;
				DEFINES_MODULE = YES;
				DYLIB_COMPATIBILITY_VERSION = 1;
				DYLIB_CURRENT_VERSION = 1;
				DYLIB_INSTALL_NAME_BASE = "@rpath";
				FRAMEWORK_VERSION = A;
				GCC_TREAT_WARNINGS_AS_ERRORS = NO;
				INFOPLIST_FILE = WebSocketTransport/Info.plist;
				INSTALL_PATH = "$(LOCAL_LIBRARY_DIR)/Frameworks";
				LD_RUNPATH_SEARCH_PATHS = "$(inherited) @executable_path/../Frameworks @loader_path/Frameworks";
				PRODUCT_NAME = WebSocketTransport;
				SKIP_INSTALL = YES;
				SWIFT_OPTIMIZATION_LEVEL = "-Onone";
			};
			name = Debug;
		};
		DA674BE119AD91730064D5A4 /* Release */ = {
			isa = XCBuildConfiguration;
			buildSettings = {
				CLANG_ENABLE_MODULES = YES;
				COMBINE_HIDPI_IMAGES = YES;
				DEFINES_MODULE = YES;
				DYLIB_COMPATIBILITY_VERSION = 1;
				DYLIB_CURRENT_VERSION = 1;
				DYLIB_INSTALL_NAME_BASE = "@rpath";
				FRAMEWORK_VERSION = A;
				GCC_TREAT_WARNINGS_AS_ERRORS = NO;
				INFOPLIST_FILE = WebSocketTransport/Info.plist;
				INSTALL_PATH = "$(LOCAL_LIBRARY_DIR)/Frameworks";
				LD_RUNPATH_SEARCH_PATHS = "$(inherited) @executable_path/../Frameworks @loader_path/Frameworks";
				PRODUCT_NAME = WebSocketTransport;
				SKIP_INSTALL = YES;
			};
			name = Release;
		};
		DA674BE319AD91730064D5A4 /* Debug */ = {
			isa = XCBuildConfiguration;
			buildSettings = {
				COMBINE_HIDPI_IMAGES = YES;
				FRAMEWORK_SEARCH_PATHS = (
					"$(DEVELOPER_FRAMEWORKS_DIR)",
					"$(inherited)",
				);
				GCC_PREPROCESSOR_DEFINITIONS = (
					"DEBUG=1",
					"$(inherited)",
				);
				INFOPLIST_FILE = WebSocketTransportTests/Info.plist;
				LD_RUNPATH_SEARCH_PATHS = "$(inherited) @executable_path/../Frameworks @loader_path/../Frameworks";
				PRODUCT_NAME = "$(TARGET_NAME)";
			};
			name = Debug;
		};
		DA674BE419AD91730064D5A4 /* Release */ = {
			isa = XCBuildConfiguration;
			buildSettings = {
				COMBINE_HIDPI_IMAGES = YES;
				FRAMEWORK_SEARCH_PATHS = (
					"$(DEVELOPER_FRAMEWORKS_DIR)",
					"$(inherited)",
				);
				INFOPLIST_FILE = WebSocketTransportTests/Info.plist;
				LD_RUNPATH_SEARCH_PATHS = "$(inherited) @executable_path/../Frameworks @loader_path/../Frameworks";
				PRODUCT_NAME = "$(TARGET_NAME)";
			};
			name = Release;
		};
/* End XCBuildConfiguration section */

/* Begin XCConfigurationList section */
		DA674BC619AD91730064D5A4 /* Build configuration list for PBXProject "WebSocketTransport" */ = {
			isa = XCConfigurationList;
			buildConfigurations = (
				DA674BDD19AD91730064D5A4 /* Debug */,
				DA674BDE19AD91730064D5A4 /* Release */,
			);
			defaultConfigurationIsVisible = 0;
			defaultConfigurationName = Release;
		};
		DA674BDF19AD91730064D5A4 /* Build configuration list for PBXNativeTarget "WebSocketTransport-Mac" */ = {
			isa = XCConfigurationList;
			buildConfigurations = (
				DA674BE019AD91730064D5A4 /* Debug */,
				DA674BE119AD91730064D5A4 /* Release */,
			);
			defaultConfigurationIsVisible = 0;
			defaultConfigurationName = Release;
		};
		DA674BE219AD91730064D5A4 /* Build configuration list for PBXNativeTarget "WebSocketTransport-MacTests" */ = {
			isa = XCConfigurationList;
			buildConfigurations = (
				DA674BE319AD91730064D5A4 /* Debug */,
				DA674BE419AD91730064D5A4 /* Release */,
			);
			defaultConfigurationIsVisible = 0;
			defaultConfigurationName = Release;
		};
/* End XCConfigurationList section */
	};
	rootObject = DA674BC319AD91730064D5A4 /* Project object */;
}
